
Microsoft Visual Studio Solution File, Format Version 10.00
# Visual Studio 2008
Project("{FAE04EC0-301F-11D3-BF4B-00C04F79EFBC}") = "Website", "Website\Website.csproj", "{AA875666-EEA6-42A5-8D3D-A7C11AEF5C4F}"
EndProject
Project("{FAE04EC0-301F-11D3-BF4B-00C04F79EFBC}") = "DataAccess", "DataAccess\DataAccess.csproj", "{1DC85ABB-03F5-4215-9AB9-2EFC9360F2E6}"
EndProject
Project("{FAE04EC0-301F-11D3-BF4B-00C04F79EFBC}") = "CRineta.Web.Core", "CRineta.Web.Core\CRineta.Web.Core.csproj", "{6C050A4D-D368-45C1-82D7-9B62413E8556}"
EndProject
Project("{FAE04EC0-301F-11D3-BF4B-00C04F79EFBC}") = "UnitTests", "UnitTests\UnitTests.csproj", "{2B93AFC7-578C-4705-83BF-F094F2129F58}"
EndProject
Project("{FAE04EC0-301F-11D3-BF4B-00C04F79EFBC}") = "IntegrationTests", "IntegrationTests\IntegrationTests.csproj", "{C88E35F3-D955-4101-BC1A-4EF44714DAF6}"
EndProject
Project("{FAE04EC0-301F-11D3-BF4B-00C04F79EFBC}") = "CRineta.Framework", "CRineta.Framework\CRineta.Framework.csproj", "{837960F7-C0F2-441C-87DD-3AA3AFE199EC}"
EndProject
Project("{2150E333-8FDC-42A3-9474-1A3956D46DE8}") = "common", "common", "{274B5E99-7C5C-4E35-8266-CD369B864745}"
	ProjectSection(SolutionItems) = preProject
		..\build.bat = ..\build.bat
		..\builddatabase.bat = ..\builddatabase.bat
		..\clean.bat = ..\clean.bat
		..\CRineta.build = ..\CRineta.build
		..\go.bat = ..\go.bat
	EndProjectSection
EndProject
Global
	GlobalSection(SolutionConfigurationPlatforms) = preSolution
		AutomatedDebug|Any CPU = AutomatedDebug|Any CPU
		Debug|Any CPU = Debug|Any CPU
		Release|Any CPU = Release|Any CPU
	EndGlobalSection
	GlobalSection(ProjectConfigurationPlatforms) = postSolution
		{AA875666-EEA6-42A5-8D3D-A7C11AEF5C4F}.AutomatedDebug|Any CPU.ActiveCfg = AutomatedDebug|Any CPU
		{AA875666-EEA6-42A5-8D3D-A7C11AEF5C4F}.AutomatedDebug|Any CPU.Build.0 = AutomatedDebug|Any CPU
		{AA875666-EEA6-42A5-8D3D-A7C11AEF5C4F}.Debug|Any CPU.ActiveCfg = Debug|Any CPU
		{AA875666-EEA6-42A5-8D3D-A7C11AEF5C4F}.Debug|Any CPU.Build.0 = Debug|Any CPU
		{AA875666-EEA6-42A5-8D3D-A7C11AEF5C4F}.Release|Any CPU.ActiveCfg = Release|Any CPU
		{AA875666-EEA6-42A5-8D3D-A7C11AEF5C4F}.Release|Any CPU.Build.0 = Release|Any CPU
		{1DC85ABB-03F5-4215-9AB9-2EFC9360F2E6}.AutomatedDebug|Any CPU.ActiveCfg = AutomatedDebug|Any CPU
		{1DC85ABB-03F5-4215-9AB9-2EFC9360F2E6}.AutomatedDebug|Any CPU.Build.0 = AutomatedDebug|Any CPU
		{1DC85ABB-03F5-4215-9AB9-2EFC9360F2E6}.Debug|Any CPU.ActiveCfg = Debug|Any CPU
		{1DC85ABB-03F5-4215-9AB9-2EFC9360F2E6}.Debug|Any CPU.Build.0 = Debug|Any CPU
		{1DC85ABB-03F5-4215-9AB9-2EFC9360F2E6}.Release|Any CPU.ActiveCfg = Release|Any CPU
		{1DC85ABB-03F5-4215-9AB9-2EFC9360F2E6}.Release|Any CPU.Build.0 = Release|Any CPU
		{6C050A4D-D368-45C1-82D7-9B62413E8556}.AutomatedDebug|Any CPU.ActiveCfg = AutomatedDebug|Any CPU
		{6C050A4D-D368-45C1-82D7-9B62413E8556}.AutomatedDebug|Any CPU.Build.0 = AutomatedDebug|Any CPU
		{6C050A4D-D368-45C1-82D7-9B62413E8556}.Debug|Any CPU.ActiveCfg = Debug|Any CPU
		{6C050A4D-D368-45C1-82D7-9B62413E8556}.Debug|Any CPU.Build.0 = Debug|Any CPU
		{6C050A4D-D368-45C1-82D7-9B62413E8556}.Release|Any CPU.ActiveCfg = Release|Any CPU
		{6C050A4D-D368-45C1-82D7-9B62413E8556}.Release|Any CPU.Build.0 = Release|Any CPU
		{2B93AFC7-578C-4705-83BF-F094F2129F58}.AutomatedDebug|Any CPU.ActiveCfg = AutomatedDebug|Any CPU
		{2B93AFC7-578C-4705-83BF-F094F2129F58}.AutomatedDebug|Any CPU.Build.0 = AutomatedDebug|Any CPU
		{2B93AFC7-578C-4705-83BF-F094F2129F58}.Debug|Any CPU.ActiveCfg = Debug|Any CPU
		{2B93AFC7-578C-4705-83BF-F094F2129F58}.Debug|Any CPU.Build.0 = Debug|Any CPU
		{2B93AFC7-578C-4705-83BF-F094F2129F58}.Release|Any CPU.ActiveCfg = Release|Any CPU
		{2B93AFC7-578C-4705-83BF-F094F2129F58}.Release|Any CPU.Build.0 = Release|Any CPU
		{C88E35F3-D955-4101-BC1A-4EF44714DAF6}.AutomatedDebug|Any CPU.ActiveCfg = AutomatedDebug|Any CPU
		{C88E35F3-D955-4101-BC1A-4EF44714DAF6}.AutomatedDebug|Any CPU.Build.0 = AutomatedDebug|Any CPU
		{C88E35F3-D955-4101-BC1A-4EF44714DAF6}.Debug|Any CPU.ActiveCfg = Debug|Any CPU
		{C88E35F3-D955-4101-BC1A-4EF44714DAF6}.Debug|Any CPU.Build.0 = Debug|Any CPU
		{C88E35F3-D955-4101-BC1A-4EF44714DAF6}.Release|Any CPU.ActiveCfg = Release|Any CPU
		{C88E35F3-D955-4101-BC1A-4EF44714DAF6}.Release|Any CPU.Build.0 = Release|Any CPU
		{837960F7-C0F2-441C-87DD-3AA3AFE199EC}.AutomatedDebug|Any CPU.ActiveCfg = AutomatedDebug|Any CPU
		{837960F7-C0F2-441C-87DD-3AA3AFE199EC}.AutomatedDebug|Any CPU.Build.0 = AutomatedDebug|Any CPU
		{837960F7-C0F2-441C-87DD-3AA3AFE199EC}.Debug|Any CPU.ActiveCfg = Debug|Any CPU
		{837960F7-C0F2-441C-87DD-3AA3AFE199EC}.Debug|Any CPU.Build.0 = Debug|Any CPU
		{837960F7-C0F2-441C-87DD-3AA3AFE199EC}.Release|Any CPU.ActiveCfg = Release|Any CPU
		{837960F7-C0F2-441C-87DD-3AA3AFE199EC}.Release|Any CPU.Build.0 = Release|Any CPU
	EndGlobalSection
	GlobalSection(SolutionProperties) = preSolution
		HideSolutionNode = FALSE
	EndGlobalSection
EndGlobal
